
Microsoft Visual Studio Solution File, Format Version 12.00
# Visual Studio Version 16
VisualStudioVersion = 16.0.810.25
MinimumVisualStudioVersion = 10.0.40219.1
Project("{FAE04EC0-301F-11D3-BF4B-00C04F79EFBC}") = "PasswordValidatorApi", "PasswordValidatorApi\PasswordValidatorApi.csproj", "{CE293A46-70AB-41DD-8254-1F9B6930DB1E}"
EndProject
Project("{FAE04EC0-301F-11D3-BF4B-00C04F79EFBC}") = "PasswordValidatorApiTest", "PasswordValidatorApiTest\PasswordValidatorApiTest.csproj", "{BB1CDC81-86C7-46DD-9F65-878FC50EED2A}"
EndProject
Global
	GlobalSection(SolutionConfigurationPlatforms) = preSolution
		Debug|Any CPU = Debug|Any CPU
		Release|Any CPU = Release|Any CPU
	EndGlobalSection
	GlobalSection(ProjectConfigurationPlatforms) = postSolution
		{CE293A46-70AB-41DD-8254-1F9B6930DB1E}.Debug|Any CPU.ActiveCfg = Debug|Any CPU
		{CE293A46-70AB-41DD-8254-1F9B6930DB1E}.Debug|Any CPU.Build.0 = Debug|Any CPU
		{CE293A46-70AB-41DD-8254-1F9B6930DB1E}.Release|Any CPU.ActiveCfg = Release|Any CPU
		{CE293A46-70AB-41DD-8254-1F9B6930DB1E}.Release|Any CPU.Build.0 = Release|Any CPU
		{BB1CDC81-86C7-46DD-9F65-878FC50EED2A}.Debug|Any CPU.ActiveCfg = Debug|Any CPU
		{BB1CDC81-86C7-46DD-9F65-878FC50EED2A}.Debug|Any CPU.Build.0 = Debug|Any CPU
		{BB1CDC81-86C7-46DD-9F65-878FC50EED2A}.Release|Any CPU.ActiveCfg = Release|Any CPU
		{BB1CDC81-86C7-46DD-9F65-878FC50EED2A}.Release|Any CPU.Build.0 = Release|Any CPU
	EndGlobalSection
	GlobalSection(SolutionProperties) = preSolution
		HideSolutionNode = FALSE
	EndGlobalSection
	GlobalSection(ExtensibilityGlobals) = postSolution
		SolutionGuid = {20D414DE-6A73-4A1F-BACE-9DCDF4D5C297}
	EndGlobalSection
EndGlobal
